
Microsoft Visual Studio Solution File, Format Version 12.00
# Visual Studio 15
VisualStudioVersion = 15.0.28307.438
MinimumVisualStudioVersion = 10.0.40219.1
Project("{888888A0-9F3D-457C-B088-3A5042F75D52}") = "LeagueOfLegendsRecordsSearch", "LeagueOfLegendsRecordsSearch\LeagueOfLegendsRecordsSearch.pyproj", "{035EBE0B-C4B6-4A06-8D5B-56B0449EA409}"
EndProject
Global
	GlobalSection(SolutionConfigurationPlatforms) = preSolution
		Debug|Any CPU = Debug|Any CPU
		Release|Any CPU = Release|Any CPU
	EndGlobalSection
	GlobalSection(ProjectConfigurationPlatforms) = postSolution
		{035EBE0B-C4B6-4A06-8D5B-56B0449EA409}.Debug|Any CPU.ActiveCfg = Debug|Any CPU
		{035EBE0B-C4B6-4A06-8D5B-56B0449EA409}.Release|Any CPU.ActiveCfg = Release|Any CPU
	EndGlobalSection
	GlobalSection(SolutionProperties) = preSolution
		HideSolutionNode = FALSE
	EndGlobalSection
	GlobalSection(ExtensibilityGlobals) = postSolution
		SolutionGuid = {C75E9C6D-44B2-4847-9DB5-48F91FF3E929}
	EndGlobalSection
EndGlobal
